// !$*UTF8*$!
{
	archiveVersion = 1;
	classes = {
	};
	objectVersion = 50;
	objects = {

/* Begin PBXBuildFile section */
		042D6F9A263720F9001BECFC /* MessagingApp.swift in Sources */ = {isa = PBXBuildFile; fileRef = 042D6F99263720F9001BECFC /* MessagingApp.swift */; };
		042D6F9C263720F9001BECFC /* ContentView.swift in Sources */ = {isa = PBXBuildFile; fileRef = 042D6F9B263720F9001BECFC /* ContentView.swift */; };
		042D6F9E263720FD001BECFC /* Assets.xcassets in Resources */ = {isa = PBXBuildFile; fileRef = 042D6F9D263720FD001BECFC /* Assets.xcassets */; };
		042D6FA1263720FE001BECFC /* Preview Assets.xcassets in Resources */ = {isa = PBXBuildFile; fileRef = 042D6FA0263720FE001BECFC /* Preview Assets.xcassets */; };
		042D6FAC263720FE001BECFC /* MessagingTests.swift in Sources */ = {isa = PBXBuildFile; fileRef = 042D6FAB263720FE001BECFC /* MessagingTests.swift */; };
		042D6FB7263720FE001BECFC /* MessagingUITests.swift in Sources */ = {isa = PBXBuildFile; fileRef = 042D6FB6263720FE001BECFC /* MessagingUITests.swift */; };
/* End PBXBuildFile section */

/* Begin PBXContainerItemProxy section */
		042D6FA8263720FE001BECFC /* PBXContainerItemProxy */ = {
			isa = PBXContainerItemProxy;
			containerPortal = 042D6F8E263720F9001BECFC /* Project object */;
			proxyType = 1;
			remoteGlobalIDString = 042D6F95263720F9001BECFC;
			remoteInfo = Messaging;
		};
		042D6FB3263720FE001BECFC /* PBXContainerItemProxy */ = {
			isa = PBXContainerItemProxy;
			containerPortal = 042D6F8E263720F9001BECFC /* Project object */;
			proxyType = 1;
			remoteGlobalIDString = 042D6F95263720F9001BECFC;
			remoteInfo = Messaging;
		};
/* End PBXContainerItemProxy section */

/* Begin PBXFileReference section */
		042D6F96263720F9001BECFC /* Messaging.app */ = {isa = PBXFileReference; explicitFileType = wrapper.application; includeInIndex = 0; path = Messaging.app; sourceTree = BUILT_PRODUCTS_DIR; };
		042D6F99263720F9001BECFC /* MessagingApp.swift */ = {isa = PBXFileReference; lastKnownFileType = sourcecode.swift; path = MessagingApp.swift; sourceTree = "<group>"; };
		042D6F9B263720F9001BECFC /* ContentView.swift */ = {isa = PBXFileReference; lastKnownFileType = sourcecode.swift; path = ContentView.swift; sourceTree = "<group>"; };
		042D6F9D263720FD001BECFC /* Assets.xcassets */ = {isa = PBXFileReference; lastKnownFileType = folder.assetcatalog; path = Assets.xcassets; sourceTree = "<group>"; };
		042D6FA0263720FE001BECFC /* Preview Assets.xcassets */ = {isa = PBXFileReference; lastKnownFileType = folder.assetcatalog; path = "Preview Assets.xcassets"; sourceTree = "<group>"; };
		042D6FA2263720FE001BECFC /* Info.plist */ = {isa = PBXFileReference; lastKnownFileType = text.plist.xml; path = Info.plist; sourceTree = "<group>"; };
		042D6FA7263720FE001BECFC /* MessagingTests.xctest */ = {isa = PBXFileReference; explicitFileType = wrapper.cfbundle; includeInIndex = 0; path = MessagingTests.xctest; sourceTree = BUILT_PRODUCTS_DIR; };
		042D6FAB263720FE001BECFC /* MessagingTests.swift */ = {isa = PBXFileReference; lastKnownFileType = sourcecode.swift; path = MessagingTests.swift; sourceTree = "<group>"; };
		042D6FAD263720FE001BECFC /* Info.plist */ = {isa = PBXFileReference; lastKnownFileType = text.plist.xml; path = Info.plist; sourceTree = "<group>"; };
		042D6FB2263720FE001BECFC /* MessagingUITests.xctest */ = {isa = PBXFileReference; explicitFileType = wrapper.cfbundle; includeInIndex = 0; path = MessagingUITests.xctest; sourceTree = BUILT_PRODUCTS_DIR; };
		042D6FB6263720FE001BECFC /* MessagingUITests.swift */ = {isa = PBXFileReference; lastKnownFileType = sourcecode.swift; path = MessagingUITests.swift; sourceTree = "<group>"; };
		042D6FB8263720FF001BECFC /* Info.plist */ = {isa = PBXFileReference; lastKnownFileType = text.plist.xml; path = Info.plist; sourceTree = "<group>"; };
/* End PBXFileReference section */

/* Begin PBXFrameworksBuildPhase section */
		042D6F93263720F9001BECFC /* Frameworks */ = {
			isa = PBXFrameworksBuildPhase;
			buildActionMask = 2147483647;
			files = (
			);
			runOnlyForDeploymentPostprocessing = 0;
		};
		042D6FA4263720FE001BECFC /* Frameworks */ = {
			isa = PBXFrameworksBuildPhase;
			buildActionMask = 2147483647;
			files = (
			);
			runOnlyForDeploymentPostprocessing = 0;
		};
		042D6FAF263720FE001BECFC /* Frameworks */ = {
			isa = PBXFrameworksBuildPhase;
			buildActionMask = 2147483647;
			files = (
			);
			runOnlyForDeploymentPostprocessing = 0;
		};
/* End PBXFrameworksBuildPhase section */

/* Begin PBXGroup section */
		042D6F8D263720F9001BECFC = {
			isa = PBXGroup;
			children = (
				042D6F98263720F9001BECFC /* Messaging */,
				042D6FAA263720FE001BECFC /* MessagingTests */,
				042D6FB5263720FE001BECFC /* MessagingUITests */,
				042D6F97263720F9001BECFC /* Products */,
			);
			sourceTree = "<group>";
		};
		042D6F97263720F9001BECFC /* Products */ = {
			isa = PBXGroup;
			children = (
				042D6F96263720F9001BECFC /* Messaging.app */,
				042D6FA7263720FE001BECFC /* MessagingTests.xctest */,
				042D6FB2263720FE001BECFC /* MessagingUITests.xctest */,
			);
			name = Products;
			sourceTree = "<group>";
		};
		042D6F98263720F9001BECFC /* Messaging */ = {
			isa = PBXGroup;
			children = (
				042D6F99263720F9001BECFC /* MessagingApp.swift */,
				042D6F9B263720F9001BECFC /* ContentView.swift */,
				042D6F9D263720FD001BECFC /* Assets.xcassets */,
				042D6FA2263720FE001BECFC /* Info.plist */,
				042D6F9F263720FE001BECFC /* Preview Content */,
			);
			path = Messaging;
			sourceTree = "<group>";
		};
		042D6F9F263720FE001BECFC /* Preview Content */ = {
			isa = PBXGroup;
			children = (
				042D6FA0263720FE001BECFC /* Preview Assets.xcassets */,
			);
			path = "Preview Content";
			sourceTree = "<group>";
		};
		042D6FAA263720FE001BECFC /* MessagingTests */ = {
			isa = PBXGroup;
			children = (
				042D6FAB263720FE001BECFC /* MessagingTests.swift */,
				042D6FAD263720FE001BECFC /* Info.plist */,
			);
			path = MessagingTests;
			sourceTree = "<group>";
		};
		042D6FB5263720FE001BECFC /* MessagingUITests */ = {
			isa = PBXGroup;
			children = (
				042D6FB6263720FE001BECFC /* MessagingUITests.swift */,
				042D6FB8263720FF001BECFC /* Info.plist */,
			);
			path = MessagingUITests;
			sourceTree = "<group>";
		};
/* End PBXGroup section */

/* Begin PBXNativeTarget section */
		042D6F95263720F9001BECFC /* Messaging */ = {
			isa = PBXNativeTarget;
			buildConfigurationList = 042D6FBB263720FF001BECFC /* Build configuration list for PBXNativeTarget "Messaging" */;
			buildPhases = (
				042D6F92263720F9001BECFC /* Sources */,
				042D6F93263720F9001BECFC /* Frameworks */,
				042D6F94263720F9001BECFC /* Resources */,
			);
			buildRules = (
			);
			dependencies = (
			);
			name = Messaging;
			productName = Messaging;
			productReference = 042D6F96263720F9001BECFC /* Messaging.app */;
			productType = "com.apple.product-type.application";
		};
		042D6FA6263720FE001BECFC /* MessagingTests */ = {
			isa = PBXNativeTarget;
			buildConfigurationList = 042D6FBE263720FF001BECFC /* Build configuration list for PBXNativeTarget "MessagingTests" */;
			buildPhases = (
				042D6FA3263720FE001BECFC /* Sources */,
				042D6FA4263720FE001BECFC /* Frameworks */,
				042D6FA5263720FE001BECFC /* Resources */,
			);
			buildRules = (
			);
			dependencies = (
				042D6FA9263720FE001BECFC /* PBXTargetDependency */,
			);
			name = MessagingTests;
			productName = MessagingTests;
			productReference = 042D6FA7263720FE001BECFC /* MessagingTests.xctest */;
			productType = "com.apple.product-type.bundle.unit-test";
		};
		042D6FB1263720FE001BECFC /* MessagingUITests */ = {
			isa = PBXNativeTarget;
			buildConfigurationList = 042D6FC1263720FF001BECFC /* Build configuration list for PBXNativeTarget "MessagingUITests" */;
			buildPhases = (
				042D6FAE263720FE001BECFC /* Sources */,
				042D6FAF263720FE001BECFC /* Frameworks */,
				042D6FB0263720FE001BECFC /* Resources */,
			);
			buildRules = (
			);
			dependencies = (
				042D6FB4263720FE001BECFC /* PBXTargetDependency */,
			);
			name = MessagingUITests;
			productName = MessagingUITests;
			productReference = 042D6FB2263720FE001BECFC /* MessagingUITests.xctest */;
			productType = "com.apple.product-type.bundle.ui-testing";
		};
/* End PBXNativeTarget section */

/* Begin PBXProject section */
		042D6F8E263720F9001BECFC /* Project object */ = {
			isa = PBXProject;
			attributes = {
				LastSwiftUpdateCheck = 1250;
				LastUpgradeCheck = 1250;
				TargetAttributes = {
					042D6F95263720F9001BECFC = {
						CreatedOnToolsVersion = 12.5;
					};
					042D6FA6263720FE001BECFC = {
						CreatedOnToolsVersion = 12.5;
						TestTargetID = 042D6F95263720F9001BECFC;
					};
					042D6FB1263720FE001BECFC = {
						CreatedOnToolsVersion = 12.5;
						TestTargetID = 042D6F95263720F9001BECFC;
					};
				};
			};
			buildConfigurationList = 042D6F91263720F9001BECFC /* Build configuration list for PBXProject "Messaging" */;
			compatibilityVersion = "Xcode 9.3";
			developmentRegion = en;
			hasScannedForEncodings = 0;
			knownRegions = (
				en,
				Base,
			);
			mainGroup = 042D6F8D263720F9001BECFC;
			productRefGroup = 042D6F97263720F9001BECFC /* Products */;
			projectDirPath = "";
			projectRoot = "";
			targets = (
				042D6F95263720F9001BECFC /* Messaging */,
				042D6FA6263720FE001BECFC /* MessagingTests */,
				042D6FB1263720FE001BECFC /* MessagingUITests */,
			);
		};
/* End PBXProject section */

/* Begin PBXResourcesBuildPhase section */
		042D6F94263720F9001BECFC /* Resources */ = {
			isa = PBXResourcesBuildPhase;
			buildActionMask = 2147483647;
			files = (
				042D6FA1263720FE001BECFC /* Preview Assets.xcassets in Resources */,
				042D6F9E263720FD001BECFC /* Assets.xcassets in Resources */,
			);
			runOnlyForDeploymentPostprocessing = 0;
		};
		042D6FA5263720FE001BECFC /* Resources */ = {
			isa = PBXResourcesBuildPhase;
			buildActionMask = 2147483647;
			files = (
			);
			runOnlyForDeploymentPostprocessing = 0;
		};
		042D6FB0263720FE001BECFC /* Resources */ = {
			isa = PBXResourcesBuildPhase;
			buildActionMask = 2147483647;
			files = (
			);
			runOnlyForDeploymentPostprocessing = 0;
		};
/* End PBXResourcesBuildPhase section */

/* Begin PBXSourcesBuildPhase section */
		042D6F92263720F9001BECFC /* Sources */ = {
			isa = PBXSourcesBuildPhase;
			buildActionMask = 2147483647;
			files = (
				042D6F9C263720F9001BECFC /* ContentView.swift in Sources */,
				042D6F9A263720F9001BECFC /* MessagingApp.swift in Sources */,
			);
			runOnlyForDeploymentPostprocessing = 0;
		};
		042D6FA3263720FE001BECFC /* Sources */ = {
			isa = PBXSourcesBuildPhase;
			buildActionMask = 2147483647;
			files = (
				042D6FAC263720FE001BECFC /* MessagingTests.swift in Sources */,
			);
			runOnlyForDeploymentPostprocessing = 0;
		};
		042D6FAE263720FE001BECFC /* Sources */ = {
			isa = PBXSourcesBuildPhase;
			buildActionMask = 2147483647;
			files = (
				042D6FB7263720FE001BECFC /* MessagingUITests.swift in Sources */,
			);
			runOnlyForDeploymentPostprocessing = 0;
		};
/* End PBXSourcesBuildPhase section */

/* Begin PBXTargetDependency section */
		042D6FA9263720FE001BECFC /* PBXTargetDependency */ = {
			isa = PBXTargetDependency;
			target = 042D6F95263720F9001BECFC /* Messaging */;
			targetProxy = 042D6FA8263720FE001BECFC /* PBXContainerItemProxy */;
		};
		042D6FB4263720FE001BECFC /* PBXTargetDependency */ = {
			isa = PBXTargetDependency;
			target = 042D6F95263720F9001BECFC /* Messaging */;
			targetProxy = 042D6FB3263720FE001BECFC /* PBXContainerItemProxy */;
		};
/* End PBXTargetDependency section */

/* Begin XCBuildConfiguration section */
		042D6FB9263720FF001BECFC /* Debug */ = {
			isa = XCBuildConfiguration;
			buildSettings = {
				ALWAYS_SEARCH_USER_PATHS = NO;
				CLANG_ANALYZER_NONNULL = YES;
				CLANG_ANALYZER_NUMBER_OBJECT_CONVERSION = YES_AGGRESSIVE;
				CLANG_CXX_LANGUAGE_STANDARD = "gnu++14";
				CLANG_CXX_LIBRARY = "libc++";
				CLANG_ENABLE_MODULES = YES;
				CLANG_ENABLE_OBJC_ARC = YES;
				CLANG_ENABLE_OBJC_WEAK = YES;
				CLANG_WARN_BLOCK_CAPTURE_AUTORELEASING = YES;
				CLANG_WARN_BOOL_CONVERSION = YES;
				CLANG_WARN_COMMA = YES;
				CLANG_WARN_CONSTANT_CONVERSION = YES;
				CLANG_WARN_DEPRECATED_OBJC_IMPLEMENTATIONS = YES;
				CLANG_WARN_DIRECT_OBJC_ISA_USAGE = YES_ERROR;
				CLANG_WARN_DOCUMENTATION_COMMENTS = YES;
				CLANG_WARN_EMPTY_BODY = YES;
				CLANG_WARN_ENUM_CONVERSION = YES;
				CLANG_WARN_INFINITE_RECURSION = YES;
				CLANG_WARN_INT_CONVERSION = YES;
				CLANG_WARN_NON_LITERAL_NULL_CONVERSION = YES;
				CLANG_WARN_OBJC_IMPLICIT_RETAIN_SELF = YES;
				CLANG_WARN_OBJC_LITERAL_CONVERSION = YES;
				CLANG_WARN_OBJC_ROOT_CLASS = YES_ERROR;
				CLANG_WARN_QUOTED_INCLUDE_IN_FRAMEWORK_HEADER = YES;
				CLANG_WARN_RANGE_LOOP_ANALYSIS = YES;
				CLANG_WARN_STRICT_PROTOTYPES = YES;
				CLANG_WARN_SUSPICIOUS_MOVE = YES;
				CLANG_WARN_UNGUARDED_AVAILABILITY = YES_AGGRESSIVE;
				CLANG_WARN_UNREACHABLE_CODE = YES;
				CLANG_WARN__DUPLICATE_METHOD_MATCH = YES;
				COPY_PHASE_STRIP = NO;
				DEBUG_INFORMATION_FORMAT = dwarf;
				ENABLE_STRICT_OBJC_MSGSEND = YES;
				ENABLE_TESTABILITY = YES;
				GCC_C_LANGUAGE_STANDARD = gnu11;
				GCC_DYNAMIC_NO_PIC = NO;
				GCC_NO_COMMON_BLOCKS = YES;
				GCC_OPTIMIZATION_LEVEL = 0;
				GCC_PREPROCESSOR_DEFINITIONS = (
					"DEBUG=1",
					"$(inherited)",
				);
				GCC_WARN_64_TO_32_BIT_CONVERSION = YES;
				GCC_WARN_ABOUT_RETURN_TYPE = YES_ERROR;
				GCC_WARN_UNDECLARED_SELECTOR = YES;
				GCC_WARN_UNINITIALIZED_AUTOS = YES_AGGRESSIVE;
				GCC_WARN_UNUSED_FUNCTION = YES;
				GCC_WARN_UNUSED_VARIABLE = YES;
				IPHONEOS_DEPLOYMENT_TARGET = 14.5;
				MTL_ENABLE_DEBUG_INFO = INCLUDE_SOURCE;
				MTL_FAST_MATH = YES;
				ONLY_ACTIVE_ARCH = YES;
				SDKROOT = iphoneos;
				SWIFT_ACTIVE_COMPILATION_CONDITIONS = DEBUG;
				SWIFT_OPTIMIZATION_LEVEL = "-Onone";
			};
			name = Debug;
		};
		042D6FBA263720FF001BECFC /* Release */ = {
			isa = XCBuildConfiguration;
			buildSettings = {
				ALWAYS_SEARCH_USER_PATHS = NO;
				CLANG_ANALYZER_NONNULL = YES;
				CLANG_ANALYZER_NUMBER_OBJECT_CONVERSION = YES_AGGRESSIVE;
				CLANG_CXX_LANGUAGE_STANDARD = "gnu++14";
				CLANG_CXX_LIBRARY = "libc++";
				CLANG_ENABLE_MODULES = YES;
				CLANG_ENABLE_OBJC_ARC = YES;
				CLANG_ENABLE_OBJC_WEAK = YES;
				CLANG_WARN_BLOCK_CAPTURE_AUTORELEASING = YES;
				CLANG_WARN_BOOL_CONVERSION = YES;
				CLANG_WARN_COMMA = YES;
				CLANG_WARN_CONSTANT_CONVERSION = YES;
				CLANG_WARN_DEPRECATED_OBJC_IMPLEMENTATIONS = YES;
				CLANG_WARN_DIRECT_OBJC_ISA_USAGE = YES_ERROR;
				CLANG_WARN_DOCUMENTATION_COMMENTS = YES;
				CLANG_WARN_EMPTY_BODY = YES;
				CLANG_WARN_ENUM_CONVERSION = YES;
				CLANG_WARN_INFINITE_RECURSION = YES;
				CLANG_WARN_INT_CONVERSION = YES;
				CLANG_WARN_NON_LITERAL_NULL_CONVERSION = YES;
				CLANG_WARN_OBJC_IMPLICIT_RETAIN_SELF = YES;
				CLANG_WARN_OBJC_LITERAL_CONVERSION = YES;
				CLANG_WARN_OBJC_ROOT_CLASS = YES_ERROR;
				CLANG_WARN_QUOTED_INCLUDE_IN_FRAMEWORK_HEADER = YES;
				CLANG_WARN_RANGE_LOOP_ANALYSIS = YES;
				CLANG_WARN_STRICT_PROTOTYPES = YES;
				CLANG_WARN_SUSPICIOUS_MOVE = YES;
				CLANG_WARN_UNGUARDED_AVAILABILITY = YES_AGGRESSIVE;
				CLANG_WARN_UNREACHABLE_CODE = YES;
				CLANG_WARN__DUPLICATE_METHOD_MATCH = YES;
				COPY_PHASE_STRIP = NO;
				DEBUG_INFORMATION_FORMAT = "dwarf-with-dsym";
				ENABLE_NS_ASSERTIONS = NO;
				ENABLE_STRICT_OBJC_MSGSEND = YES;
				GCC_C_LANGUAGE_STANDARD = gnu11;
				GCC_NO_COMMON_BLOCKS = YES;
				GCC_WARN_64_TO_32_BIT_CONVERSION = YES;
				GCC_WARN_ABOUT_RETURN_TYPE = YES_ERROR;
				GCC_WARN_UNDECLARED_SELECTOR = YES;
				GCC_WARN_UNINITIALIZED_AUTOS = YES_AGGRESSIVE;
				GCC_WARN_UNUSED_FUNCTION = YES;
				GCC_WARN_UNUSED_VARIABLE = YES;
				IPHONEOS_DEPLOYMENT_TARGET = 14.5;
				MTL_ENABLE_DEBUG_INFO = NO;
				MTL_FAST_MATH = YES;
				SDKROOT = iphoneos;
				SWIFT_COMPILATION_MODE = wholemodule;
				SWIFT_OPTIMIZATION_LEVEL = "-O";
				VALIDATE_PRODUCT = YES;
			};
			name = Release;
		};
		042D6FBC263720FF001BECFC /* Debug */ = {
			isa = XCBuildConfiguration;
			buildSettings = {
				ASSETCATALOG_COMPILER_APPICON_NAME = AppIcon;
				ASSETCATALOG_COMPILER_GLOBAL_ACCENT_COLOR_NAME = AccentColor;
				CODE_SIGN_STYLE = Automatic;
				DEVELOPMENT_ASSET_PATHS = "\"Messaging/Preview Content\"";
				ENABLE_PREVIEWS = YES;
				INFOPLIST_FILE = Messaging/Info.plist;
				IPHONEOS_DEPLOYMENT_TARGET = 14.0;
				LD_RUNPATH_SEARCH_PATHS = (
					"$(inherited)",
					"@executable_path/Frameworks",
				);
				PRODUCT_BUNDLE_IDENTIFIER = BMR.Messaging;
				PRODUCT_NAME = "$(TARGET_NAME)";
				SWIFT_VERSION = 5.0;
				TARGETED_DEVICE_FAMILY = "1,2";
			};
			name = Debug;
		};
		042D6FBD263720FF001BECFC /* Release */ = {
			isa = XCBuildConfiguration;
			buildSettings = {
				ASSETCATALOG_COMPILER_APPICON_NAME = AppIcon;
				ASSETCATALOG_COMPILER_GLOBAL_ACCENT_COLOR_NAME = AccentColor;
				CODE_SIGN_STYLE = Automatic;
				DEVELOPMENT_ASSET_PATHS = "\"Messaging/Preview Content\"";
				ENABLE_PREVIEWS = YES;
				INFOPLIST_FILE = Messaging/Info.plist;
				IPHONEOS_DEPLOYMENT_TARGET = 14.0;
				LD_RUNPATH_SEARCH_PATHS = (
					"$(inherited)",
					"@executable_path/Frameworks",
				);
				PRODUCT_BUNDLE_IDENTIFIER = BMR.Messaging;
				PRODUCT_NAME = "$(TARGET_NAME)";
				SWIFT_VERSION = 5.0;
				TARGETED_DEVICE_FAMILY = "1,2";
			};
			name = Release;
		};
		042D6FBF263720FF001BECFC /* Debug */ = {
			isa = XCBuildConfiguration;
			buildSettings = {
				ALWAYS_EMBED_SWIFT_STANDARD_LIBRARIES = YES;
				BUNDLE_LOADER = "$(TEST_HOST)";
				CODE_SIGN_STYLE = Automatic;
				INFOPLIST_FILE = MessagingTests/Info.plist;
				IPHONEOS_DEPLOYMENT_TARGET = 14.0;
				LD_RUNPATH_SEARCH_PATHS = (
					"$(inherited)",
					"@executable_path/Frameworks",
					"@loader_path/Frameworks",
				);
				PRODUCT_BUNDLE_IDENTIFIER = BMR.MessagingTests;
				PRODUCT_NAME = "$(TARGET_NAME)";
				SWIFT_VERSION = 5.0;
				TARGETED_DEVICE_FAMILY = "1,2";
				TEST_HOST = "$(BUILT_PRODUCTS_DIR)/Messaging.app/Messaging";
			};
			name = Debug;
		};
		042D6FC0263720FF001BECFC /* Release */ = {
			isa = XCBuildConfiguration;
			buildSettings = {
				ALWAYS_EMBED_SWIFT_STANDARD_LIBRARIES = YES;
				BUNDLE_LOADER = "$(TEST_HOST)";
				CODE_SIGN_STYLE = Automatic;
				INFOPLIST_FILE = MessagingTests/Info.plist;
				IPHONEOS_DEPLOYMENT_TARGET = 14.0;
				LD_RUNPATH_SEARCH_PATHS = (
					"$(inherited)",
					"@executable_path/Frameworks",
					"@loader_path/Frameworks",
				);
				PRODUCT_BUNDLE_IDENTIFIER = BMR.MessagingTests;
				PRODUCT_NAME = "$(TARGET_NAME)";
				SWIFT_VERSION = 5.0;
				TARGETED_DEVICE_FAMILY = "1,2";
				TEST_HOST = "$(BUILT_PRODUCTS_DIR)/Messaging.app/Messaging";
			};
			name = Release;
		};
		042D6FC2263720FF001BECFC /* Debug */ = {
			isa = XCBuildConfiguration;
			buildSettings = {
				ALWAYS_EMBED_SWIFT_STANDARD_LIBRARIES = YES;
				CODE_SIGN_STYLE = Automatic;
				INFOPLIST_FILE = MessagingUITests/Info.plist;
				LD_RUNPATH_SEARCH_PATHS = (
					"$(inherited)",
					"@executable_path/Frameworks",
					"@loader_path/Frameworks",
				);
				PRODUCT_BUNDLE_IDENTIFIER = BMR.MessagingUITests;
				PRODUCT_NAME = "$(TARGET_NAME)";
				SWIFT_VERSION = 5.0;
				TARGETED_DEVICE_FAMILY = "1,2";
				TEST_TARGET_NAME = Messaging;
			};
			name = Debug;
		};
		042D6FC3263720FF001BECFC /* Release */ = {
			isa = XCBuildConfiguration;
			buildSettings = {
				ALWAYS_EMBED_SWIFT_STANDARD_LIBRARIES = YES;
				CODE_SIGN_STYLE = Automatic;
				INFOPLIST_FILE = MessagingUITests/Info.plist;
				LD_RUNPATH_SEARCH_PATHS = (
					"$(inherited)",
					"@executable_path/Frameworks",
					"@loader_path/Frameworks",
				);
				PRODUCT_BUNDLE_IDENTIFIER = BMR.MessagingUITests;
				PRODUCT_NAME = "$(TARGET_NAME)";
				SWIFT_VERSION = 5.0;
				TARGETED_DEVICE_FAMILY = "1,2";
				TEST_TARGET_NAME = Messaging;
			};
			name = Release;
		};
/* End XCBuildConfiguration section */

/* Begin XCConfigurationList section */
		042D6F91263720F9001BECFC /* Build configuration list for PBXProject "Messaging" */ = {
			isa = XCConfigurationList;
			buildConfigurations = (
				042D6FB9263720FF001BECFC /* Debug */,
				042D6FBA263720FF001BECFC /* Release */,
			);
			defaultConfigurationIsVisible = 0;
			defaultConfigurationName = Release;
		};
		042D6FBB263720FF001BECFC /* Build configuration list for PBXNativeTarget "Messaging" */ = {
			isa = XCConfigurationList;
			buildConfigurations = (
				042D6FBC263720FF001BECFC /* Debug */,
				042D6FBD263720FF001BECFC /* Release */,
			);
			defaultConfigurationIsVisible = 0;
			defaultConfigurationName = Release;
		};
		042D6FBE263720FF001BECFC /* Build configuration list for PBXNativeTarget "MessagingTests" */ = {
			isa = XCConfigurationList;
			buildConfigurations = (
				042D6FBF263720FF001BECFC /* Debug */,
				042D6FC0263720FF001BECFC /* Release */,
			);
			defaultConfigurationIsVisible = 0;
			defaultConfigurationName = Release;
		};
		042D6FC1263720FF001BECFC /* Build configuration list for PBXNativeTarget "MessagingUITests" */ = {
			isa = XCConfigurationList;
			buildConfigurations = (
				042D6FC2263720FF001BECFC /* Debug */,
				042D6FC3263720FF001BECFC /* Release */,
			);
			defaultConfigurationIsVisible = 0;
			defaultConfigurationName = Release;
		};
/* End XCConfigurationList section */
	};
	rootObject = 042D6F8E263720F9001BECFC /* Project object */;
}
